// !$*UTF8*$!
{
	archiveVersion = 1;
	classes = {
	};
	objectVersion = 50;
	objects = {

/* Begin PBXBuildFile section */
		6F324B7825EE5CEF00284859 /* NetworkController.swift in Sources */ = {isa = PBXBuildFile; fileRef = 6F324B7725EE5CEF00284859 /* NetworkController.swift */; };
		6F324B7B25EE5D2E00284859 /* ContactsViewController.swift in Sources */ = {isa = PBXBuildFile; fileRef = 6F324B7A25EE5D2E00284859 /* ContactsViewController.swift */; };
		6F324B7E25EE5D3F00284859 /* SearchViewController.swift in Sources */ = {isa = PBXBuildFile; fileRef = 6F324B7D25EE5D3F00284859 /* SearchViewController.swift */; };
		6F324B8125EE5D6600284859 /* AddContactsViewController.swift in Sources */ = {isa = PBXBuildFile; fileRef = 6F324B8025EE5D6600284859 /* AddContactsViewController.swift */; };
		6F7F9CAA253E07920074240B /* AppDelegate.swift in Sources */ = {isa = PBXBuildFile; fileRef = 6F7F9CA9253E07920074240B /* AppDelegate.swift */; };
		6F7F9CAC253E07920074240B /* SceneDelegate.swift in Sources */ = {isa = PBXBuildFile; fileRef = 6F7F9CAB253E07920074240B /* SceneDelegate.swift */; };
		6F7F9CB1253E07930074240B /* Main.storyboard in Resources */ = {isa = PBXBuildFile; fileRef = 6F7F9CAF253E07930074240B /* Main.storyboard */; };
		6F7F9CB3253E07940074240B /* Assets.xcassets in Resources */ = {isa = PBXBuildFile; fileRef = 6F7F9CB2253E07940074240B /* Assets.xcassets */; };
		6F7F9CB6253E07940074240B /* LaunchScreen.storyboard in Resources */ = {isa = PBXBuildFile; fileRef = 6F7F9CB4253E07940074240B /* LaunchScreen.storyboard */; };
		6F7F9CC0253E083E0074240B /* SplashViewController.swift in Sources */ = {isa = PBXBuildFile; fileRef = 6F7F9CBF253E083E0074240B /* SplashViewController.swift */; };
		6F7F9CC4253E088F0074240B /* LoginViewController.swift in Sources */ = {isa = PBXBuildFile; fileRef = 6F7F9CC3253E088F0074240B /* LoginViewController.swift */; };
		6F7F9CC7253E08E80074240B /* RegisterViewController.swift in Sources */ = {isa = PBXBuildFile; fileRef = 6F7F9CC6253E08E80074240B /* RegisterViewController.swift */; };
		6F7F9CCA253E09360074240B /* HomeViewController.swift in Sources */ = {isa = PBXBuildFile; fileRef = 6F7F9CC9253E09360074240B /* HomeViewController.swift */; };
		E9EA7D6ED09779365A154439 /* Pods_boilerplate.framework in Frameworks */ = {isa = PBXBuildFile; fileRef = E0C365149A7AA8E5AE10734D /* Pods_boilerplate.framework */; };
/* End PBXBuildFile section */

/* Begin PBXFileReference section */
		6F324B7725EE5CEF00284859 /* NetworkController.swift */ = {isa = PBXFileReference; lastKnownFileType = sourcecode.swift; path = NetworkController.swift; sourceTree = "<group>"; };
		6F324B7A25EE5D2E00284859 /* ContactsViewController.swift */ = {isa = PBXFileReference; lastKnownFileType = sourcecode.swift; path = ContactsViewController.swift; sourceTree = "<group>"; };
		6F324B7D25EE5D3F00284859 /* SearchViewController.swift */ = {isa = PBXFileReference; lastKnownFileType = sourcecode.swift; path = SearchViewController.swift; sourceTree = "<group>"; };
		6F324B8025EE5D6600284859 /* AddContactsViewController.swift */ = {isa = PBXFileReference; lastKnownFileType = sourcecode.swift; path = AddContactsViewController.swift; sourceTree = "<group>"; };
		6F7F9CA6253E07920074240B /* boilerplate.app */ = {isa = PBXFileReference; explicitFileType = wrapper.application; includeInIndex = 0; path = boilerplate.app; sourceTree = BUILT_PRODUCTS_DIR; };
		6F7F9CA9253E07920074240B /* AppDelegate.swift */ = {isa = PBXFileReference; lastKnownFileType = sourcecode.swift; path = AppDelegate.swift; sourceTree = "<group>"; };
		6F7F9CAB253E07920074240B /* SceneDelegate.swift */ = {isa = PBXFileReference; lastKnownFileType = sourcecode.swift; path = SceneDelegate.swift; sourceTree = "<group>"; };
		6F7F9CB0253E07930074240B /* Base */ = {isa = PBXFileReference; lastKnownFileType = file.storyboard; name = Base; path = Base.lproj/Main.storyboard; sourceTree = "<group>"; };
		6F7F9CB2253E07940074240B /* Assets.xcassets */ = {isa = PBXFileReference; lastKnownFileType = folder.assetcatalog; path = Assets.xcassets; sourceTree = "<group>"; };
		6F7F9CB5253E07940074240B /* Base */ = {isa = PBXFileReference; lastKnownFileType = file.storyboard; name = Base; path = Base.lproj/LaunchScreen.storyboard; sourceTree = "<group>"; };
		6F7F9CB7253E07940074240B /* Info.plist */ = {isa = PBXFileReference; lastKnownFileType = text.plist.xml; path = Info.plist; sourceTree = "<group>"; };
		6F7F9CBF253E083E0074240B /* SplashViewController.swift */ = {isa = PBXFileReference; lastKnownFileType = sourcecode.swift; path = SplashViewController.swift; sourceTree = "<group>"; };
		6F7F9CC3253E088F0074240B /* LoginViewController.swift */ = {isa = PBXFileReference; lastKnownFileType = sourcecode.swift; path = LoginViewController.swift; sourceTree = "<group>"; };
		6F7F9CC6253E08E80074240B /* RegisterViewController.swift */ = {isa = PBXFileReference; lastKnownFileType = sourcecode.swift; path = RegisterViewController.swift; sourceTree = "<group>"; };
		6F7F9CC9253E09360074240B /* HomeViewController.swift */ = {isa = PBXFileReference; lastKnownFileType = sourcecode.swift; path = HomeViewController.swift; sourceTree = "<group>"; };
		8F298085F1E2C70BC3873B39 /* Pods-boilerplate.debug.xcconfig */ = {isa = PBXFileReference; includeInIndex = 1; lastKnownFileType = text.xcconfig; name = "Pods-boilerplate.debug.xcconfig"; path = "Target Support Files/Pods-boilerplate/Pods-boilerplate.debug.xcconfig"; sourceTree = "<group>"; };
		D31F1A03DE8A18E6FE5CB0A9 /* Pods-boilerplate.release.xcconfig */ = {isa = PBXFileReference; includeInIndex = 1; lastKnownFileType = text.xcconfig; name = "Pods-boilerplate.release.xcconfig"; path = "Target Support Files/Pods-boilerplate/Pods-boilerplate.release.xcconfig"; sourceTree = "<group>"; };
		E0C365149A7AA8E5AE10734D /* Pods_boilerplate.framework */ = {isa = PBXFileReference; explicitFileType = wrapper.framework; includeInIndex = 0; path = Pods_boilerplate.framework; sourceTree = BUILT_PRODUCTS_DIR; };
/* End PBXFileReference section */

/* Begin PBXFrameworksBuildPhase section */
		6F7F9CA3253E07920074240B /* Frameworks */ = {
			isa = PBXFrameworksBuildPhase;
			buildActionMask = 2147483647;
			files = (
				E9EA7D6ED09779365A154439 /* Pods_boilerplate.framework in Frameworks */,
			);
			runOnlyForDeploymentPostprocessing = 0;
		};
/* End PBXFrameworksBuildPhase section */

/* Begin PBXGroup section */
		6F7F9C9D253E07920074240B = {
			isa = PBXGroup;
			children = (
				6F7F9CA8253E07920074240B /* boilerplate */,
				6F7F9CA7253E07920074240B /* Products */,
				CA3D67E6D537242EC4E7C689 /* Pods */,
				EB1650B2DCCF1F8AC17AB872 /* Frameworks */,
			);
			sourceTree = "<group>";
		};
		6F7F9CA7253E07920074240B /* Products */ = {
			isa = PBXGroup;
			children = (
				6F7F9CA6253E07920074240B /* boilerplate.app */,
			);
			name = Products;
			sourceTree = "<group>";
		};
		6F7F9CA8253E07920074240B /* boilerplate */ = {
			isa = PBXGroup;
			children = (
				6F7F9CCD253E09760074240B /* Aplication */,
				6F7F9CBE253E08120074240B /* Vistas */,
				6F7F9CAF253E07930074240B /* Main.storyboard */,
				6F7F9CB2253E07940074240B /* Assets.xcassets */,
				6F7F9CB4253E07940074240B /* LaunchScreen.storyboard */,
				6F7F9CB7253E07940074240B /* Info.plist */,
			);
			path = boilerplate;
			sourceTree = "<group>";
		};
		6F7F9CBE253E08120074240B /* Vistas */ = {
			isa = PBXGroup;
			children = (
				6F7F9CBF253E083E0074240B /* SplashViewController.swift */,
				6F7F9CC3253E088F0074240B /* LoginViewController.swift */,
				6F7F9CC6253E08E80074240B /* RegisterViewController.swift */,
				6F7F9CC9253E09360074240B /* HomeViewController.swift */,
				6F324B7A25EE5D2E00284859 /* ContactsViewController.swift */,
				6F324B7D25EE5D3F00284859 /* SearchViewController.swift */,
				6F324B8025EE5D6600284859 /* AddContactsViewController.swift */,
			);
			path = Vistas;
			sourceTree = "<group>";
		};
		6F7F9CCD253E09760074240B /* Aplication */ = {
			isa = PBXGroup;
			children = (
				6F7F9CA9253E07920074240B /* AppDelegate.swift */,
				6F7F9CAB253E07920074240B /* SceneDelegate.swift */,
				6F324B7725EE5CEF00284859 /* NetworkController.swift */,
			);
			path = Aplication;
			sourceTree = "<group>";
		};
		CA3D67E6D537242EC4E7C689 /* Pods */ = {
			isa = PBXGroup;
			children = (
				8F298085F1E2C70BC3873B39 /* Pods-boilerplate.debug.xcconfig */,
				D31F1A03DE8A18E6FE5CB0A9 /* Pods-boilerplate.release.xcconfig */,
			);
			name = Pods;
			path = Pods;
			sourceTree = "<group>";
		};
		EB1650B2DCCF1F8AC17AB872 /* Frameworks */ = {
			isa = PBXGroup;
			children = (
				E0C365149A7AA8E5AE10734D /* Pods_boilerplate.framework */,
			);
			name = Frameworks;
			sourceTree = "<group>";
		};
/* End PBXGroup section */

/* Begin PBXNativeTarget section */
		6F7F9CA5253E07920074240B /* boilerplate */ = {
			isa = PBXNativeTarget;
			buildConfigurationList = 6F7F9CBA253E07940074240B /* Build configuration list for PBXNativeTarget "boilerplate" */;
			buildPhases = (
				B0C66503D0F9EC17D8DEC059 /* [CP] Check Pods Manifest.lock */,
				6F7F9CA2253E07920074240B /* Sources */,
				6F7F9CA3253E07920074240B /* Frameworks */,
				6F7F9CA4253E07920074240B /* Resources */,
				48D664B121D3183D85FE5245 /* [CP] Embed Pods Frameworks */,
			);
			buildRules = (
			);
			dependencies = (
			);
			name = boilerplate;
			productName = boilerplate;
			productReference = 6F7F9CA6253E07920074240B /* boilerplate.app */;
			productType = "com.apple.product-type.application";
		};
/* End PBXNativeTarget section */

/* Begin PBXProject section */
		6F7F9C9E253E07920074240B /* Project object */ = {
			isa = PBXProject;
			attributes = {
				LastSwiftUpdateCheck = 1200;
				LastUpgradeCheck = 1200;
				TargetAttributes = {
					6F7F9CA5253E07920074240B = {
						CreatedOnToolsVersion = 12.0.1;
					};
				};
			};
			buildConfigurationList = 6F7F9CA1253E07920074240B /* Build configuration list for PBXProject "boilerplate" */;
			compatibilityVersion = "Xcode 9.3";
			developmentRegion = en;
			hasScannedForEncodings = 0;
			knownRegions = (
				en,
				Base,
			);
			mainGroup = 6F7F9C9D253E07920074240B;
			productRefGroup = 6F7F9CA7253E07920074240B /* Products */;
			projectDirPath = "";
			projectRoot = "";
			targets = (
				6F7F9CA5253E07920074240B /* boilerplate */,
			);
		};
/* End PBXProject section */

/* Begin PBXResourcesBuildPhase section */
		6F7F9CA4253E07920074240B /* Resources */ = {
			isa = PBXResourcesBuildPhase;
			buildActionMask = 2147483647;
			files = (
				6F7F9CB6253E07940074240B /* LaunchScreen.storyboard in Resources */,
				6F7F9CB3253E07940074240B /* Assets.xcassets in Resources */,
				6F7F9CB1253E07930074240B /* Main.storyboard in Resources */,
			);
			runOnlyForDeploymentPostprocessing = 0;
		};
/* End PBXResourcesBuildPhase section */

/* Begin PBXShellScriptBuildPhase section */
		48D664B121D3183D85FE5245 /* [CP] Embed Pods Frameworks */ = {
			isa = PBXShellScriptBuildPhase;
			buildActionMask = 2147483647;
			files = (
			);
			inputFileListPaths = (
				"${PODS_ROOT}/Target Support Files/Pods-boilerplate/Pods-boilerplate-frameworks-${CONFIGURATION}-input-files.xcfilelist",
			);
			name = "[CP] Embed Pods Frameworks";
			outputFileListPaths = (
				"${PODS_ROOT}/Target Support Files/Pods-boilerplate/Pods-boilerplate-frameworks-${CONFIGURATION}-output-files.xcfilelist",
			);
			runOnlyForDeploymentPostprocessing = 0;
			shellPath = /bin/sh;
			shellScript = "\"${PODS_ROOT}/Target Support Files/Pods-boilerplate/Pods-boilerplate-frameworks.sh\"\n";
			showEnvVarsInLog = 0;
		};
		B0C66503D0F9EC17D8DEC059 /* [CP] Check Pods Manifest.lock */ = {
			isa = PBXShellScriptBuildPhase;
			buildActionMask = 2147483647;
			files = (
			);
			inputFileListPaths = (
			);
			inputPaths = (
				"${PODS_PODFILE_DIR_PATH}/Podfile.lock",
				"${PODS_ROOT}/Manifest.lock",
			);
			name = "[CP] Check Pods Manifest.lock";
			outputFileListPaths = (
			);
			outputPaths = (
				"$(DERIVED_FILE_DIR)/Pods-boilerplate-checkManifestLockResult.txt",
			);
			runOnlyForDeploymentPostprocessing = 0;
			shellPath = /bin/sh;
			shellScript = "diff \"${PODS_PODFILE_DIR_PATH}/Podfile.lock\" \"${PODS_ROOT}/Manifest.lock\" > /dev/null\nif [ $? != 0 ] ; then\n    # print error to STDERR\n    echo \"error: The sandbox is not in sync with the Podfile.lock. Run 'pod install' or update your CocoaPods installation.\" >&2\n    exit 1\nfi\n# This output is used by Xcode 'outputs' to avoid re-running this script phase.\necho \"SUCCESS\" > \"${SCRIPT_OUTPUT_FILE_0}\"\n";
			showEnvVarsInLog = 0;
		};
/* End PBXShellScriptBuildPhase section */

/* Begin PBXSourcesBuildPhase section */
		6F7F9CA2253E07920074240B /* Sources */ = {
			isa = PBXSourcesBuildPhase;
			buildActionMask = 2147483647;
			files = (
				6F7F9CAA253E07920074240B /* AppDelegate.swift in Sources */,
				6F7F9CAC253E07920074240B /* SceneDelegate.swift in Sources */,
				6F7F9CC7253E08E80074240B /* RegisterViewController.swift in Sources */,
				6F324B7E25EE5D3F00284859 /* SearchViewController.swift in Sources */,
				6F7F9CC4253E088F0074240B /* LoginViewController.swift in Sources */,
				6F7F9CCA253E09360074240B /* HomeViewController.swift in Sources */,
				6F324B7B25EE5D2E00284859 /* ContactsViewController.swift in Sources */,
				6F324B8125EE5D6600284859 /* AddContactsViewController.swift in Sources */,
				6F324B7825EE5CEF00284859 /* NetworkController.swift in Sources */,
				6F7F9CC0253E083E0074240B /* SplashViewController.swift in Sources */,
			);
			runOnlyForDeploymentPostprocessing = 0;
		};
/* End PBXSourcesBuildPhase section */

/* Begin PBXVariantGroup section */
		6F7F9CAF253E07930074240B /* Main.storyboard */ = {
			isa = PBXVariantGroup;
			children = (
				6F7F9CB0253E07930074240B /* Base */,
			);
			name = Main.storyboard;
			sourceTree = "<group>";
		};
		6F7F9CB4253E07940074240B /* LaunchScreen.storyboard */ = {
			isa = PBXVariantGroup;
			children = (
				6F7F9CB5253E07940074240B /* Base */,
			);
			name = LaunchScreen.storyboard;
			sourceTree = "<group>";
		};
/* End PBXVariantGroup section */

/* Begin XCBuildConfiguration section */
		6F7F9CB8253E07940074240B /* Debug */ = {
			isa = XCBuildConfiguration;
			buildSettings = {
				ALWAYS_SEARCH_USER_PATHS = NO;
				CLANG_ANALYZER_NONNULL = YES;
				CLANG_ANALYZER_NUMBER_OBJECT_CONVERSION = YES_AGGRESSIVE;
				CLANG_CXX_LANGUAGE_STANDARD = "gnu++14";
				CLANG_CXX_LIBRARY = "libc++";
				CLANG_ENABLE_MODULES = YES;
				CLANG_ENABLE_OBJC_ARC = YES;
				CLANG_ENABLE_OBJC_WEAK = YES;
				CLANG_WARN_BLOCK_CAPTURE_AUTORELEASING = YES;
				CLANG_WARN_BOOL_CONVERSION = YES;
				CLANG_WARN_COMMA = YES;
				CLANG_WARN_CONSTANT_CONVERSION = YES;
				CLANG_WARN_DEPRECATED_OBJC_IMPLEMENTATIONS = YES;
				CLANG_WARN_DIRECT_OBJC_ISA_USAGE = YES_ERROR;
				CLANG_WARN_DOCUMENTATION_COMMENTS = YES;
				CLANG_WARN_EMPTY_BODY = YES;
				CLANG_WARN_ENUM_CONVERSION = YES;
				CLANG_WARN_INFINITE_RECURSION = YES;
				CLANG_WARN_INT_CONVERSION = YES;
				CLANG_WARN_NON_LITERAL_NULL_CONVERSION = YES;
				CLANG_WARN_OBJC_IMPLICIT_RETAIN_SELF = YES;
				CLANG_WARN_OBJC_LITERAL_CONVERSION = YES;
				CLANG_WARN_OBJC_ROOT_CLASS = YES_ERROR;
				CLANG_WARN_QUOTED_INCLUDE_IN_FRAMEWORK_HEADER = YES;
				CLANG_WARN_RANGE_LOOP_ANALYSIS = YES;
				CLANG_WARN_STRICT_PROTOTYPES = YES;
				CLANG_WARN_SUSPICIOUS_MOVE = YES;
				CLANG_WARN_UNGUARDED_AVAILABILITY = YES_AGGRESSIVE;
				CLANG_WARN_UNREACHABLE_CODE = YES;
				CLANG_WARN__DUPLICATE_METHOD_MATCH = YES;
				COPY_PHASE_STRIP = NO;
				DEBUG_INFORMATION_FORMAT = dwarf;
				ENABLE_STRICT_OBJC_MSGSEND = YES;
				ENABLE_TESTABILITY = YES;
				GCC_C_LANGUAGE_STANDARD = gnu11;
				GCC_DYNAMIC_NO_PIC = NO;
				GCC_NO_COMMON_BLOCKS = YES;
				GCC_OPTIMIZATION_LEVEL = 0;
				GCC_PREPROCESSOR_DEFINITIONS = (
					"DEBUG=1",
					"$(inherited)",
				);
				GCC_WARN_64_TO_32_BIT_CONVERSION = YES;
				GCC_WARN_ABOUT_RETURN_TYPE = YES_ERROR;
				GCC_WARN_UNDECLARED_SELECTOR = YES;
				GCC_WARN_UNINITIALIZED_AUTOS = YES_AGGRESSIVE;
				GCC_WARN_UNUSED_FUNCTION = YES;
				GCC_WARN_UNUSED_VARIABLE = YES;
				IPHONEOS_DEPLOYMENT_TARGET = 14.0;
				MTL_ENABLE_DEBUG_INFO = INCLUDE_SOURCE;
				MTL_FAST_MATH = YES;
				ONLY_ACTIVE_ARCH = YES;
				SDKROOT = iphoneos;
				SWIFT_ACTIVE_COMPILATION_CONDITIONS = DEBUG;
				SWIFT_OPTIMIZATION_LEVEL = "-Onone";
			};
			name = Debug;
		};
		6F7F9CB9253E07940074240B /* Release */ = {
			isa = XCBuildConfiguration;
			buildSettings = {
				ALWAYS_SEARCH_USER_PATHS = NO;
				CLANG_ANALYZER_NONNULL = YES;
				CLANG_ANALYZER_NUMBER_OBJECT_CONVERSION = YES_AGGRESSIVE;
				CLANG_CXX_LANGUAGE_STANDARD = "gnu++14";
				CLANG_CXX_LIBRARY = "libc++";
				CLANG_ENABLE_MODULES = YES;
				CLANG_ENABLE_OBJC_ARC = YES;
				CLANG_ENABLE_OBJC_WEAK = YES;
				CLANG_WARN_BLOCK_CAPTURE_AUTORELEASING = YES;
				CLANG_WARN_BOOL_CONVERSION = YES;
				CLANG_WARN_COMMA = YES;
				CLANG_WARN_CONSTANT_CONVERSION = YES;
				CLANG_WARN_DEPRECATED_OBJC_IMPLEMENTATIONS = YES;
				CLANG_WARN_DIRECT_OBJC_ISA_USAGE = YES_ERROR;
				CLANG_WARN_DOCUMENTATION_COMMENTS = YES;
				CLANG_WARN_EMPTY_BODY = YES;
				CLANG_WARN_ENUM_CONVERSION = YES;
				CLANG_WARN_INFINITE_RECURSION = YES;
				CLANG_WARN_INT_CONVERSION = YES;
				CLANG_WARN_NON_LITERAL_NULL_CONVERSION = YES;
				CLANG_WARN_OBJC_IMPLICIT_RETAIN_SELF = YES;
				CLANG_WARN_OBJC_LITERAL_CONVERSION = YES;
				CLANG_WARN_OBJC_ROOT_CLASS = YES_ERROR;
				CLANG_WARN_QUOTED_INCLUDE_IN_FRAMEWORK_HEADER = YES;
				CLANG_WARN_RANGE_LOOP_ANALYSIS = YES;
				CLANG_WARN_STRICT_PROTOTYPES = YES;
				CLANG_WARN_SUSPICIOUS_MOVE = YES;
				CLANG_WARN_UNGUARDED_AVAILABILITY = YES_AGGRESSIVE;
				CLANG_WARN_UNREACHABLE_CODE = YES;
				CLANG_WARN__DUPLICATE_METHOD_MATCH = YES;
				COPY_PHASE_STRIP = NO;
				DEBUG_INFORMATION_FORMAT = "dwarf-with-dsym";
				ENABLE_NS_ASSERTIONS = NO;
				ENABLE_STRICT_OBJC_MSGSEND = YES;
				GCC_C_LANGUAGE_STANDARD = gnu11;
				GCC_NO_COMMON_BLOCKS = YES;
				GCC_WARN_64_TO_32_BIT_CONVERSION = YES;
				GCC_WARN_ABOUT_RETURN_TYPE = YES_ERROR;
				GCC_WARN_UNDECLARED_SELECTOR = YES;
				GCC_WARN_UNINITIALIZED_AUTOS = YES_AGGRESSIVE;
				GCC_WARN_UNUSED_FUNCTION = YES;
				GCC_WARN_UNUSED_VARIABLE = YES;
				IPHONEOS_DEPLOYMENT_TARGET = 14.0;
				MTL_ENABLE_DEBUG_INFO = NO;
				MTL_FAST_MATH = YES;
				SDKROOT = iphoneos;
				SWIFT_COMPILATION_MODE = wholemodule;
				SWIFT_OPTIMIZATION_LEVEL = "-O";
				VALIDATE_PRODUCT = YES;
			};
			name = Release;
		};
		6F7F9CBB253E07940074240B /* Debug */ = {
			isa = XCBuildConfiguration;
			baseConfigurationReference = 8F298085F1E2C70BC3873B39 /* Pods-boilerplate.debug.xcconfig */;
			buildSettings = {
				ASSETCATALOG_COMPILER_APPICON_NAME = AppIcon;
				ASSETCATALOG_COMPILER_GLOBAL_ACCENT_COLOR_NAME = AccentColor;
				CODE_SIGN_STYLE = Automatic;
				INFOPLIST_FILE = boilerplate/Info.plist;
				LD_RUNPATH_SEARCH_PATHS = (
					"$(inherited)",
					"@executable_path/Frameworks",
				);
				PRODUCT_BUNDLE_IDENTIFIER = com.dcruz.boilerplate;
				PRODUCT_NAME = "$(TARGET_NAME)";
				SWIFT_VERSION = 5.0;
				TARGETED_DEVICE_FAMILY = "1,2";
			};
			name = Debug;
		};
		6F7F9CBC253E07940074240B /* Release */ = {
			isa = XCBuildConfiguration;
			baseConfigurationReference = D31F1A03DE8A18E6FE5CB0A9 /* Pods-boilerplate.release.xcconfig */;
			buildSettings = {
				ASSETCATALOG_COMPILER_APPICON_NAME = AppIcon;
				ASSETCATALOG_COMPILER_GLOBAL_ACCENT_COLOR_NAME = AccentColor;
				CODE_SIGN_STYLE = Automatic;
				INFOPLIST_FILE = boilerplate/Info.plist;
				LD_RUNPATH_SEARCH_PATHS = (
					"$(inherited)",
					"@executable_path/Frameworks",
				);
				PRODUCT_BUNDLE_IDENTIFIER = com.dcruz.boilerplate;
				PRODUCT_NAME = "$(TARGET_NAME)";
				SWIFT_VERSION = 5.0;
				TARGETED_DEVICE_FAMILY = "1,2";
			};
			name = Release;
		};
/* End XCBuildConfiguration section */

/* Begin XCConfigurationList section */
		6F7F9CA1253E07920074240B /* Build configuration list for PBXProject "boilerplate" */ = {
			isa = XCConfigurationList;
			buildConfigurations = (
				6F7F9CB8253E07940074240B /* Debug */,
				6F7F9CB9253E07940074240B /* Release */,
			);
			defaultConfigurationIsVisible = 0;
			defaultConfigurationName = Release;
		};
		6F7F9CBA253E07940074240B /* Build configuration list for PBXNativeTarget "boilerplate" */ = {
			isa = XCConfigurationList;
			buildConfigurations = (
				6F7F9CBB253E07940074240B /* Debug */,
				6F7F9CBC253E07940074240B /* Release */,
			);
			defaultConfigurationIsVisible = 0;
			defaultConfigurationName = Release;
		};
/* End XCConfigurationList section */
	};
	rootObject = 6F7F9C9E253E07920074240B /* Project object */;
}
